
Microsoft Visual Studio Solution File, Format Version 12.00
# Visual Studio 15
VisualStudioVersion = 15.0.28307.902
MinimumVisualStudioVersion = 10.0.40219.1
Project("{FAE04EC0-301F-11D3-BF4B-00C04F79EFBC}") = "TreeListApp", "TreeListApp\TreeListApp.csproj", "{BB0898C4-0CEE-44AA-9E07-222F624AAFFA}"
EndProject
Global
	GlobalSection(SolutionConfigurationPlatforms) = preSolution
		Debug|Any CPU = Debug|Any CPU
		Release|Any CPU = Release|Any CPU
	EndGlobalSection
	GlobalSection(ProjectConfigurationPlatforms) = postSolution
		{BB0898C4-0CEE-44AA-9E07-222F624AAFFA}.Debug|Any CPU.ActiveCfg = Debug|Any CPU
		{BB0898C4-0CEE-44AA-9E07-222F624AAFFA}.Debug|Any CPU.Build.0 = Debug|Any CPU
		{BB0898C4-0CEE-44AA-9E07-222F624AAFFA}.Release|Any CPU.ActiveCfg = Release|Any CPU
		{BB0898C4-0CEE-44AA-9E07-222F624AAFFA}.Release|Any CPU.Build.0 = Release|Any CPU
	EndGlobalSection
	GlobalSection(SolutionProperties) = preSolution
		HideSolutionNode = FALSE
	EndGlobalSection
	GlobalSection(ExtensibilityGlobals) = postSolution
		SolutionGuid = {88DCF282-4192-46F7-AC1E-A4C9469B4D4F}
	EndGlobalSection
EndGlobal
